
Microsoft Visual Studio Solution File, Format Version 12.00
# Visual Studio 14
VisualStudioVersion = 14.0.23107.0
MinimumVisualStudioVersion = 10.0.40219.1
Project("{FAE04EC0-301F-11D3-BF4B-00C04F79EFBC}") = "Caldera", "Caldera\Caldera.csproj", "{106ED4F8-DF28-4EF2-BB60-C685ECFE28D1}"
EndProject
Project("{FAE04EC0-301F-11D3-BF4B-00C04F79EFBC}") = "Caldera.Tests", "Caldera.Tests\Caldera.Tests.csproj", "{B55E2A74-429D-451F-9548-11A8FABB5D88}"
EndProject
Global
	GlobalSection(SolutionConfigurationPlatforms) = preSolution
		Debug|Any CPU = Debug|Any CPU
		Release|Any CPU = Release|Any CPU
	EndGlobalSection
	GlobalSection(ProjectConfigurationPlatforms) = postSolution
		{106ED4F8-DF28-4EF2-BB60-C685ECFE28D1}.Debug|Any CPU.ActiveCfg = Debug|Any CPU
		{106ED4F8-DF28-4EF2-BB60-C685ECFE28D1}.Debug|Any CPU.Build.0 = Debug|Any CPU
		{106ED4F8-DF28-4EF2-BB60-C685ECFE28D1}.Release|Any CPU.ActiveCfg = Release|Any CPU
		{106ED4F8-DF28-4EF2-BB60-C685ECFE28D1}.Release|Any CPU.Build.0 = Release|Any CPU
		{B55E2A74-429D-451F-9548-11A8FABB5D88}.Debug|Any CPU.ActiveCfg = Debug|Any CPU
		{B55E2A74-429D-451F-9548-11A8FABB5D88}.Debug|Any CPU.Build.0 = Debug|Any CPU
		{B55E2A74-429D-451F-9548-11A8FABB5D88}.Release|Any CPU.ActiveCfg = Release|Any CPU
		{B55E2A74-429D-451F-9548-11A8FABB5D88}.Release|Any CPU.Build.0 = Release|Any CPU
	EndGlobalSection
	GlobalSection(SolutionProperties) = preSolution
		HideSolutionNode = FALSE
	EndGlobalSection
EndGlobal
